// !$*UTF8*$!
{
	archiveVersion = 1;
	classes = {
	};
	objectVersion = 46;
	objects = {

/* Begin PBXBuildFile section */
		8484D6521B5E4A960025D9C0 /* main.m in Sources */ = {isa = PBXBuildFile; fileRef = 8484D6511B5E4A960025D9C0 /* main.m */; };
		8484D6551B5E4A960025D9C0 /* AppDelegate.m in Sources */ = {isa = PBXBuildFile; fileRef = 8484D6541B5E4A960025D9C0 /* AppDelegate.m */; };
		8484D6581B5E4A960025D9C0 /* ViewController.m in Sources */ = {isa = PBXBuildFile; fileRef = 8484D6571B5E4A960025D9C0 /* ViewController.m */; };
		8484D65B1B5E4A960025D9C0 /* Main.storyboard in Resources */ = {isa = PBXBuildFile; fileRef = 8484D6591B5E4A960025D9C0 /* Main.storyboard */; };
		8484D65D1B5E4A960025D9C0 /* Images.xcassets in Resources */ = {isa = PBXBuildFile; fileRef = 8484D65C1B5E4A960025D9C0 /* Images.xcassets */; };
		8484D6601B5E4A960025D9C0 /* LaunchScreen.xib in Resources */ = {isa = PBXBuildFile; fileRef = 8484D65E1B5E4A960025D9C0 /* LaunchScreen.xib */; };
		8484D66C1B5E4A960025D9C0 /* _______Tests.m in Sources */ = {isa = PBXBuildFile; fileRef = 8484D66B1B5E4A960025D9C0 /* _______Tests.m */; };
		84A6073E1B5F46A400275516 /* GBTagListView.m in Sources */ = {isa = PBXBuildFile; fileRef = 84A6073D1B5F46A400275516 /* GBTagListView.m */; };
/* End PBXBuildFile section */

/* Begin PBXContainerItemProxy section */
		8484D6661B5E4A960025D9C0 /* PBXContainerItemProxy */ = {
			isa = PBXContainerItemProxy;
			containerPortal = 8484D6441B5E4A960025D9C0 /* Project object */;
			proxyType = 1;
			remoteGlobalIDString = 8484D64B1B5E4A960025D9C0;
			remoteInfo = "自定义流式标签";
		};
/* End PBXContainerItemProxy section */

/* Begin PBXFileReference section */
		8484D64C1B5E4A960025D9C0 /* 自定义流式标签.app */ = {isa = PBXFileReference; explicitFileType = wrapper.application; includeInIndex = 0; path = "自定义流式标签.app"; sourceTree = BUILT_PRODUCTS_DIR; };
		8484D6501B5E4A960025D9C0 /* Info.plist */ = {isa = PBXFileReference; lastKnownFileType = text.plist.xml; path = Info.plist; sourceTree = "<group>"; };
		8484D6511B5E4A960025D9C0 /* main.m */ = {isa = PBXFileReference; lastKnownFileType = sourcecode.c.objc; path = main.m; sourceTree = "<group>"; };
		8484D6531B5E4A960025D9C0 /* AppDelegate.h */ = {isa = PBXFileReference; lastKnownFileType = sourcecode.c.h; path = AppDelegate.h; sourceTree = "<group>"; };
		8484D6541B5E4A960025D9C0 /* AppDelegate.m */ = {isa = PBXFileReference; lastKnownFileType = sourcecode.c.objc; path = AppDelegate.m; sourceTree = "<group>"; };
		8484D6561B5E4A960025D9C0 /* ViewController.h */ = {isa = PBXFileReference; lastKnownFileType = sourcecode.c.h; path = ViewController.h; sourceTree = "<group>"; };
		8484D6571B5E4A960025D9C0 /* ViewController.m */ = {isa = PBXFileReference; lastKnownFileType = sourcecode.c.objc; path = ViewController.m; sourceTree = "<group>"; };
		8484D65A1B5E4A960025D9C0 /* Base */ = {isa = PBXFileReference; lastKnownFileType = file.storyboard; name = Base; path = Base.lproj/Main.storyboard; sourceTree = "<group>"; };
		8484D65C1B5E4A960025D9C0 /* Images.xcassets */ = {isa = PBXFileReference; lastKnownFileType = folder.assetcatalog; path = Images.xcassets; sourceTree = "<group>"; };
		8484D65F1B5E4A960025D9C0 /* Base */ = {isa = PBXFileReference; lastKnownFileType = file.xib; name = Base; path = Base.lproj/LaunchScreen.xib; sourceTree = "<group>"; };
		8484D6651B5E4A960025D9C0 /* 自定义流式标签Tests.xctest */ = {isa = PBXFileReference; explicitFileType = wrapper.cfbundle; includeInIndex = 0; path = "自定义流式标签Tests.xctest"; sourceTree = BUILT_PRODUCTS_DIR; };
		8484D66A1B5E4A960025D9C0 /* Info.plist */ = {isa = PBXFileReference; lastKnownFileType = text.plist.xml; path = Info.plist; sourceTree = "<group>"; };
		8484D66B1B5E4A960025D9C0 /* _______Tests.m */ = {isa = PBXFileReference; lastKnownFileType = sourcecode.c.objc; path = "_______Tests.m"; sourceTree = "<group>"; };
		84A6073C1B5F46A400275516 /* GBTagListView.h */ = {isa = PBXFileReference; fileEncoding = 4; lastKnownFileType = sourcecode.c.h; path = GBTagListView.h; sourceTree = "<group>"; };
		84A6073D1B5F46A400275516 /* GBTagListView.m */ = {isa = PBXFileReference; fileEncoding = 4; lastKnownFileType = sourcecode.c.objc; path = GBTagListView.m; sourceTree = "<group>"; };
/* End PBXFileReference section */

/* Begin PBXFrameworksBuildPhase section */
		8484D6491B5E4A960025D9C0 /* Frameworks */ = {
			isa = PBXFrameworksBuildPhase;
			buildActionMask = 2147483647;
			files = (
			);
			runOnlyForDeploymentPostprocessing = 0;
		};
		8484D6621B5E4A960025D9C0 /* Frameworks */ = {
			isa = PBXFrameworksBuildPhase;
			buildActionMask = 2147483647;
			files = (
			);
			runOnlyForDeploymentPostprocessing = 0;
		};
/* End PBXFrameworksBuildPhase section */

/* Begin PBXGroup section */
		8484D6431B5E4A960025D9C0 = {
			isa = PBXGroup;
			children = (
				8484D64E1B5E4A960025D9C0 /* 自定义流式标签 */,
				8484D6681B5E4A960025D9C0 /* 自定义流式标签Tests */,
				8484D64D1B5E4A960025D9C0 /* Products */,
			);
			sourceTree = "<group>";
		};
		8484D64D1B5E4A960025D9C0 /* Products */ = {
			isa = PBXGroup;
			children = (
				8484D64C1B5E4A960025D9C0 /* 自定义流式标签.app */,
				8484D6651B5E4A960025D9C0 /* 自定义流式标签Tests.xctest */,
			);
			name = Products;
			sourceTree = "<group>";
		};
		8484D64E1B5E4A960025D9C0 /* 自定义流式标签 */ = {
			isa = PBXGroup;
			children = (
				84A6073B1B5F46A400275516 /* GBTagListView */,
				8484D6531B5E4A960025D9C0 /* AppDelegate.h */,
				8484D6541B5E4A960025D9C0 /* AppDelegate.m */,
				8484D6561B5E4A960025D9C0 /* ViewController.h */,
				8484D6571B5E4A960025D9C0 /* ViewController.m */,
				8484D6591B5E4A960025D9C0 /* Main.storyboard */,
				8484D65C1B5E4A960025D9C0 /* Images.xcassets */,
				8484D65E1B5E4A960025D9C0 /* LaunchScreen.xib */,
				8484D64F1B5E4A960025D9C0 /* Supporting Files */,
			);
			path = "自定义流式标签";
			sourceTree = "<group>";
		};
		8484D64F1B5E4A960025D9C0 /* Supporting Files */ = {
			isa = PBXGroup;
			children = (
				8484D6501B5E4A960025D9C0 /* Info.plist */,
				8484D6511B5E4A960025D9C0 /* main.m */,
			);
			name = "Supporting Files";
			sourceTree = "<group>";
		};
		8484D6681B5E4A960025D9C0 /* 自定义流式标签Tests */ = {
			isa = PBXGroup;
			children = (
				8484D66B1B5E4A960025D9C0 /* _______Tests.m */,
				8484D6691B5E4A960025D9C0 /* Supporting Files */,
			);
			path = "自定义流式标签Tests";
			sourceTree = "<group>";
		};
		8484D6691B5E4A960025D9C0 /* Supporting Files */ = {
			isa = PBXGroup;
			children = (
				8484D66A1B5E4A960025D9C0 /* Info.plist */,
			);
			name = "Supporting Files";
			sourceTree = "<group>";
		};
		84A6073B1B5F46A400275516 /* GBTagListView */ = {
			isa = PBXGroup;
			children = (
				84A6073C1B5F46A400275516 /* GBTagListView.h */,
				84A6073D1B5F46A400275516 /* GBTagListView.m */,
			);
			path = GBTagListView;
			sourceTree = "<group>";
		};
/* End PBXGroup section */

/* Begin PBXNativeTarget section */
		8484D64B1B5E4A960025D9C0 /* 自定义流式标签 */ = {
			isa = PBXNativeTarget;
			buildConfigurationList = 8484D66F1B5E4A960025D9C0 /* Build configuration list for PBXNativeTarget "自定义流式标签" */;
			buildPhases = (
				8484D6481B5E4A960025D9C0 /* Sources */,
				8484D6491B5E4A960025D9C0 /* Frameworks */,
				8484D64A1B5E4A960025D9C0 /* Resources */,
			);
			buildRules = (
			);
			dependencies = (
			);
			name = "自定义流式标签";
			productName = "自定义流式标签";
			productReference = 8484D64C1B5E4A960025D9C0 /* 自定义流式标签.app */;
			productType = "com.apple.product-type.application";
		};
		8484D6641B5E4A960025D9C0 /* 自定义流式标签Tests */ = {
			isa = PBXNativeTarget;
			buildConfigurationList = 8484D6721B5E4A960025D9C0 /* Build configuration list for PBXNativeTarget "自定义流式标签Tests" */;
			buildPhases = (
				8484D6611B5E4A960025D9C0 /* Sources */,
				8484D6621B5E4A960025D9C0 /* Frameworks */,
				8484D6631B5E4A960025D9C0 /* Resources */,
			);
			buildRules = (
			);
			dependencies = (
				8484D6671B5E4A960025D9C0 /* PBXTargetDependency */,
			);
			name = "自定义流式标签Tests";
			productName = "自定义流式标签Tests";
			productReference = 8484D6651B5E4A960025D9C0 /* 自定义流式标签Tests.xctest */;
			productType = "com.apple.product-type.bundle.unit-test";
		};
/* End PBXNativeTarget section */

/* Begin PBXProject section */
		8484D6441B5E4A960025D9C0 /* Project object */ = {
			isa = PBXProject;
			attributes = {
				LastUpgradeCheck = 0640;
				ORGANIZATIONNAME = zhangguobing;
				TargetAttributes = {
					8484D64B1B5E4A960025D9C0 = {
						CreatedOnToolsVersion = 6.4;
					};
					8484D6641B5E4A960025D9C0 = {
						CreatedOnToolsVersion = 6.4;
						TestTargetID = 8484D64B1B5E4A960025D9C0;
					};
				};
			};
			buildConfigurationList = 8484D6471B5E4A960025D9C0 /* Build configuration list for PBXProject "自定义流式标签" */;
			compatibilityVersion = "Xcode 3.2";
			developmentRegion = English;
			hasScannedForEncodings = 0;
			knownRegions = (
				en,
				Base,
			);
			mainGroup = 8484D6431B5E4A960025D9C0;
			productRefGroup = 8484D64D1B5E4A960025D9C0 /* Products */;
			projectDirPath = "";
			projectRoot = "";
			targets = (
				8484D64B1B5E4A960025D9C0 /* 自定义流式标签 */,
				8484D6641B5E4A960025D9C0 /* 自定义流式标签Tests */,
			);
		};
/* End PBXProject section */

/* Begin PBXResourcesBuildPhase section */
		8484D64A1B5E4A960025D9C0 /* Resources */ = {
			isa = PBXResourcesBuildPhase;
			buildActionMask = 2147483647;
			files = (
				8484D65B1B5E4A960025D9C0 /* Main.storyboard in Resources */,
				8484D6601B5E4A960025D9C0 /* LaunchScreen.xib in Resources */,
				8484D65D1B5E4A960025D9C0 /* Images.xcassets in Resources */,
			);
			runOnlyForDeploymentPostprocessing = 0;
		};
		8484D6631B5E4A960025D9C0 /* Resources */ = {
			isa = PBXResourcesBuildPhase;
			buildActionMask = 2147483647;
			files = (
			);
			runOnlyForDeploymentPostprocessing = 0;
		};
/* End PBXResourcesBuildPhase section */

/* Begin PBXSourcesBuildPhase section */
		8484D6481B5E4A960025D9C0 /* Sources */ = {
			isa = PBXSourcesBuildPhase;
			buildActionMask = 2147483647;
			files = (
				8484D6581B5E4A960025D9C0 /* ViewController.m in Sources */,
				8484D6551B5E4A960025D9C0 /* AppDelegate.m in Sources */,
				84A6073E1B5F46A400275516 /* GBTagListView.m in Sources */,
				8484D6521B5E4A960025D9C0 /* main.m in Sources */,
			);
			runOnlyForDeploymentPostprocessing = 0;
		};
		8484D6611B5E4A960025D9C0 /* Sources */ = {
			isa = PBXSourcesBuildPhase;
			buildActionMask = 2147483647;
			files = (
				8484D66C1B5E4A960025D9C0 /* _______Tests.m in Sources */,
			);
			runOnlyForDeploymentPostprocessing = 0;
		};
/* End PBXSourcesBuildPhase section */

/* Begin PBXTargetDependency section */
		8484D6671B5E4A960025D9C0 /* PBXTargetDependency */ = {
			isa = PBXTargetDependency;
			target = 8484D64B1B5E4A960025D9C0 /* 自定义流式标签 */;
			targetProxy = 8484D6661B5E4A960025D9C0 /* PBXContainerItemProxy */;
		};
/* End PBXTargetDependency section */

/* Begin PBXVariantGroup section */
		8484D6591B5E4A960025D9C0 /* Main.storyboard */ = {
			isa = PBXVariantGroup;
			children = (
				8484D65A1B5E4A960025D9C0 /* Base */,
			);
			name = Main.storyboard;
			sourceTree = "<group>";
		};
		8484D65E1B5E4A960025D9C0 /* LaunchScreen.xib */ = {
			isa = PBXVariantGroup;
			children = (
				8484D65F1B5E4A960025D9C0 /* Base */,
			);
			name = LaunchScreen.xib;
			sourceTree = "<group>";
		};
/* End PBXVariantGroup section */

/* Begin XCBuildConfiguration section */
		8484D66D1B5E4A960025D9C0 /* Debug */ = {
			isa = XCBuildConfiguration;
			buildSettings = {
				ALWAYS_SEARCH_USER_PATHS = NO;
				CLANG_CXX_LANGUAGE_STANDARD = "gnu++0x";
				CLANG_CXX_LIBRARY = "libc++";
				CLANG_ENABLE_MODULES = YES;
				CLANG_ENABLE_OBJC_ARC = YES;
				CLANG_WARN_BOOL_CONVERSION = YES;
				CLANG_WARN_CONSTANT_CONVERSION = YES;
				CLANG_WARN_DIRECT_OBJC_ISA_USAGE = YES_ERROR;
				CLANG_WARN_EMPTY_BODY = YES;
				CLANG_WARN_ENUM_CONVERSION = YES;
				CLANG_WARN_INT_CONVERSION = YES;
				CLANG_WARN_OBJC_ROOT_CLASS = YES_ERROR;
				CLANG_WARN_UNREACHABLE_CODE = YES;
				CLANG_WARN__DUPLICATE_METHOD_MATCH = YES;
				"CODE_SIGN_IDENTITY[sdk=iphoneos*]" = "iPhone Developer";
				COPY_PHASE_STRIP = NO;
				DEBUG_INFORMATION_FORMAT = "dwarf-with-dsym";
				ENABLE_STRICT_OBJC_MSGSEND = YES;
				GCC_C_LANGUAGE_STANDARD = gnu99;
				GCC_DYNAMIC_NO_PIC = NO;
				GCC_NO_COMMON_BLOCKS = YES;
				GCC_OPTIMIZATION_LEVEL = 0;
				GCC_PREPROCESSOR_DEFINITIONS = (
					"DEBUG=1",
					"$(inherited)",
				);
				GCC_SYMBOLS_PRIVATE_EXTERN = NO;
				GCC_WARN_64_TO_32_BIT_CONVERSION = YES;
				GCC_WARN_ABOUT_RETURN_TYPE = YES_ERROR;
				GCC_WARN_UNDECLARED_SELECTOR = YES;
				GCC_WARN_UNINITIALIZED_AUTOS = YES_AGGRESSIVE;
				GCC_WARN_UNUSED_FUNCTION = YES;
				GCC_WARN_UNUSED_VARIABLE = YES;
				IPHONEOS_DEPLOYMENT_TARGET = 8.4;
				MTL_ENABLE_DEBUG_INFO = YES;
				ONLY_ACTIVE_ARCH = YES;
				SDKROOT = iphoneos;
			};
			name = Debug;
		};
		8484D66E1B5E4A960025D9C0 /* Release */ = {
			isa = XCBuildConfiguration;
			buildSettings = {
				ALWAYS_SEARCH_USER_PATHS = NO;
				CLANG_CXX_LANGUAGE_STANDARD = "gnu++0x";
				CLANG_CXX_LIBRARY = "libc++";
				CLANG_ENABLE_MODULES = YES;
				CLANG_ENABLE_OBJC_ARC = YES;
				CLANG_WARN_BOOL_CONVERSION = YES;
				CLANG_WARN_CONSTANT_CONVERSION = YES;
				CLANG_WARN_DIRECT_OBJC_ISA_USAGE = YES_ERROR;
				CLANG_WARN_EMPTY_BODY = YES;
				CLANG_WARN_ENUM_CONVERSION = YES;
				CLANG_WARN_INT_CONVERSION = YES;
				CLANG_WARN_OBJC_ROOT_CLASS = YES_ERROR;
				CLANG_WARN_UNREACHABLE_CODE = YES;
				CLANG_WARN__DUPLICATE_METHOD_MATCH = YES;
				"CODE_SIGN_IDENTITY[sdk=iphoneos*]" = "iPhone Developer";
				COPY_PHASE_STRIP = NO;
				DEBUG_INFORMATION_FORMAT = "dwarf-with-dsym";
				ENABLE_NS_ASSERTIONS = NO;
				ENABLE_STRICT_OBJC_MSGSEND = YES;
				GCC_C_LANGUAGE_STANDARD = gnu99;
				GCC_NO_COMMON_BLOCKS = YES;
				GCC_WARN_64_TO_32_BIT_CONVERSION = YES;
				GCC_WARN_ABOUT_RETURN_TYPE = YES_ERROR;
				GCC_WARN_UNDECLARED_SELECTOR = YES;
				GCC_WARN_UNINITIALIZED_AUTOS = YES_AGGRESSIVE;
				GCC_WARN_UNUSED_FUNCTION = YES;
				GCC_WARN_UNUSED_VARIABLE = YES;
				IPHONEOS_DEPLOYMENT_TARGET = 8.4;
				MTL_ENABLE_DEBUG_INFO = NO;
				SDKROOT = iphoneos;
				VALIDATE_PRODUCT = YES;
			};
			name = Release;
		};
		8484D6701B5E4A960025D9C0 /* Debug */ = {
			isa = XCBuildConfiguration;
			buildSettings = {
				ASSETCATALOG_COMPILER_APPICON_NAME = AppIcon;
				INFOPLIST_FILE = "自定义流式标签/Info.plist";
				LD_RUNPATH_SEARCH_PATHS = "$(inherited) @executable_path/Frameworks";
				PRODUCT_NAME = "$(TARGET_NAME)";
			};
			name = Debug;
		};
		8484D6711B5E4A960025D9C0 /* Release */ = {
			isa = XCBuildConfiguration;
			buildSettings = {
				ASSETCATALOG_COMPILER_APPICON_NAME = AppIcon;
				INFOPLIST_FILE = "自定义流式标签/Info.plist";
				LD_RUNPATH_SEARCH_PATHS = "$(inherited) @executable_path/Frameworks";
				PRODUCT_NAME = "$(TARGET_NAME)";
			};
			name = Release;
		};
		8484D6731B5E4A960025D9C0 /* Debug */ = {
			isa = XCBuildConfiguration;
			buildSettings = {
				BUNDLE_LOADER = "$(TEST_HOST)";
				FRAMEWORK_SEARCH_PATHS = (
					"$(SDKROOT)/Developer/Library/Frameworks",
					"$(inherited)",
				);
				GCC_PREPROCESSOR_DEFINITIONS = (
					"DEBUG=1",
					"$(inherited)",
				);
				INFOPLIST_FILE = "自定义流式标签Tests/Info.plist";
				LD_RUNPATH_SEARCH_PATHS = "$(inherited) @executable_path/Frameworks @loader_path/Frameworks";
				PRODUCT_NAME = "$(TARGET_NAME)";
				TEST_HOST = "$(BUILT_PRODUCTS_DIR)/自定义流式标签.app/自定义流式标签";
			};
			name = Debug;
		};
		8484D6741B5E4A960025D9C0 /* Release */ = {
			isa = XCBuildConfiguration;
			buildSettings = {
				BUNDLE_LOADER = "$(TEST_HOST)";
				FRAMEWORK_SEARCH_PATHS = (
					"$(SDKROOT)/Developer/Library/Frameworks",
					"$(inherited)",
				);
				INFOPLIST_FILE = "自定义流式标签Tests/Info.plist";
				LD_RUNPATH_SEARCH_PATHS = "$(inherited) @executable_path/Frameworks @loader_path/Frameworks";
				PRODUCT_NAME = "$(TARGET_NAME)";
				TEST_HOST = "$(BUILT_PRODUCTS_DIR)/自定义流式标签.app/自定义流式标签";
			};
			name = Release;
		};
/* End XCBuildConfiguration section */

/* Begin XCConfigurationList section */
		8484D6471B5E4A960025D9C0 /* Build configuration list for PBXProject "自定义流式标签" */ = {
			isa = XCConfigurationList;
			buildConfigurations = (
				8484D66D1B5E4A960025D9C0 /* Debug */,
				8484D66E1B5E4A960025D9C0 /* Release */,
			);
			defaultConfigurationIsVisible = 0;
			defaultConfigurationName = Release;
		};
		8484D66F1B5E4A960025D9C0 /* Build configuration list for PBXNativeTarget "自定义流式标签" */ = {
			isa = XCConfigurationList;
			buildConfigurations = (
				8484D6701B5E4A960025D9C0 /* Debug */,
				8484D6711B5E4A960025D9C0 /* Release */,
			);
			defaultConfigurationIsVisible = 0;
			defaultConfigurationName = Release;
		};
		8484D6721B5E4A960025D9C0 /* Build configuration list for PBXNativeTarget "自定义流式标签Tests" */ = {
			isa = XCConfigurationList;
			buildConfigurations = (
				8484D6731B5E4A960025D9C0 /* Debug */,
				8484D6741B5E4A960025D9C0 /* Release */,
			);
			defaultConfigurationIsVisible = 0;
			defaultConfigurationName = Release;
		};
/* End XCConfigurationList section */
	};
	rootObject = 8484D6441B5E4A960025D9C0 /* Project object */;
}
